
Microsoft Visual Studio Solution File, Format Version 12.00
# Visual Studio Version 17
VisualStudioVersion = 17.13.35931.197
MinimumVisualStudioVersion = 10.0.40219.1
Project("{FAE04EC0-301F-11D3-BF4B-00C04F79EFBC}") = "productosAPI", "productosAPI\productosAPI.csproj", "{A77B715F-8372-4408-B669-D01C549F7978}"
EndProject
Global
	GlobalSection(SolutionConfigurationPlatforms) = preSolution
		Debug|Any CPU = Debug|Any CPU
		Release|Any CPU = Release|Any CPU
	EndGlobalSection
	GlobalSection(ProjectConfigurationPlatforms) = postSolution
		{A77B715F-8372-4408-B669-D01C549F7978}.Debug|Any CPU.ActiveCfg = Debug|Any CPU
		{A77B715F-8372-4408-B669-D01C549F7978}.Debug|Any CPU.Build.0 = Debug|Any CPU
		{A77B715F-8372-4408-B669-D01C549F7978}.Release|Any CPU.ActiveCfg = Release|Any CPU
		{A77B715F-8372-4408-B669-D01C549F7978}.Release|Any CPU.Build.0 = Release|Any CPU
	EndGlobalSection
	GlobalSection(SolutionProperties) = preSolution
		HideSolutionNode = FALSE
	EndGlobalSection
	GlobalSection(ExtensibilityGlobals) = postSolution
		SolutionGuid = {046616EF-848A-4B37-9046-C8C59C9017F6}
	EndGlobalSection
EndGlobal
